# This file is automatically @generated by Cargo.
# It is not intended for manual editing.
version = 4

[[package]]
name = "palindrome"
version = "0.1.0"
dependencies = [
 "palindrome-string-utils",
]

[[package]]
name = "palindrome-number-utils"
version = "0.1.0"

[[package]]
name = "palindrome-string-utils"
version = "0.1.0"
dependencies = [
 "palindrome-number-utils",
]
